// !$*UTF8*$!
{
	archiveVersion = 1;
	classes = {
	};
	objectVersion = 56;
	objects = {

/* Begin PBXBuildFile section */
		E007B7762BDAB95000A12A1B /* WeatherAppReplicaApp.swift in Sources */ = {isa = PBXBuildFile; fileRef = E007B7752BDAB95000A12A1B /* WeatherAppReplicaApp.swift */; };
		E007B7782BDAB95000A12A1B /* ContentView.swift in Sources */ = {isa = PBXBuildFile; fileRef = E007B7772BDAB95000A12A1B /* ContentView.swift */; };
		E007B77A2BDAB95100A12A1B /* Assets.xcassets in Resources */ = {isa = PBXBuildFile; fileRef = E007B7792BDAB95100A12A1B /* Assets.xcassets */; };
		E007B77D2BDAB95100A12A1B /* Preview Assets.xcassets in Resources */ = {isa = PBXBuildFile; fileRef = E007B77C2BDAB95100A12A1B /* Preview Assets.xcassets */; };
		E007B7872BDD3D4A00A12A1B /* HourlyForecastView.swift in Sources */ = {isa = PBXBuildFile; fileRef = E007B7862BDD3D4A00A12A1B /* HourlyForecastView.swift */; };
		E007B7892BDD3DEB00A12A1B /* HourForecastView.swift in Sources */ = {isa = PBXBuildFile; fileRef = E007B7882BDD3DEB00A12A1B /* HourForecastView.swift */; };
		E007B78B2BDE9E7F00A12A1B /* TenDayForecastView.swift in Sources */ = {isa = PBXBuildFile; fileRef = E007B78A2BDE9E7F00A12A1B /* TenDayForecastView.swift */; };
		E007B78D2BDE9F8F00A12A1B /* DayForecastView.swift in Sources */ = {isa = PBXBuildFile; fileRef = E007B78C2BDE9F8F00A12A1B /* DayForecastView.swift */; };
		E007B78F2BDEBA4500A12A1B /* TemperatureBar.swift in Sources */ = {isa = PBXBuildFile; fileRef = E007B78E2BDEBA4500A12A1B /* TemperatureBar.swift */; };
		E007B7912BDF8FD200A12A1B /* TenDayForecastViewModel.swift in Sources */ = {isa = PBXBuildFile; fileRef = E007B7902BDF8FD200A12A1B /* TenDayForecastViewModel.swift */; };
		E007B7AF2BE16BB200A12A1B /* WeatherViewModel.swift in Sources */ = {isa = PBXBuildFile; fileRef = E007B7AE2BE16BB200A12A1B /* WeatherViewModel.swift */; };
		E007B7B12BE2739600A12A1B /* LocationManager.swift in Sources */ = {isa = PBXBuildFile; fileRef = E007B7B02BE2739600A12A1B /* LocationManager.swift */; };
		E01E80B12BF89A0400D6F2E7 /* FeelsLikeView.swift in Sources */ = {isa = PBXBuildFile; fileRef = E01E80B02BF89A0400D6F2E7 /* FeelsLikeView.swift */; };
		E01E80B32BF8A02A00D6F2E7 /* TitleView.swift in Sources */ = {isa = PBXBuildFile; fileRef = E01E80B22BF8A02A00D6F2E7 /* TitleView.swift */; };
		E01E80B52BF8DBA900D6F2E7 /* HumidityView.swift in Sources */ = {isa = PBXBuildFile; fileRef = E01E80B42BF8DBA900D6F2E7 /* HumidityView.swift */; };
		E01E80B72BF8DEAF00D6F2E7 /* VisibilityView.swift in Sources */ = {isa = PBXBuildFile; fileRef = E01E80B62BF8DEAF00D6F2E7 /* VisibilityView.swift */; };
		E01E80B92BF8E0CE00D6F2E7 /* UVIndexView.swift in Sources */ = {isa = PBXBuildFile; fileRef = E01E80B82BF8E0CE00D6F2E7 /* UVIndexView.swift */; };
		E01E80BB2BF8E1AF00D6F2E7 /* ColorBar.swift in Sources */ = {isa = PBXBuildFile; fileRef = E01E80BA2BF8E1AF00D6F2E7 /* ColorBar.swift */; };
		E020A13E2ECFC9A0005E3470 /* WeatherProtocol.swift in Sources */ = {isa = PBXBuildFile; fileRef = E020A13D2ECFC9A0005E3470 /* WeatherProtocol.swift */; };
		E020A1402ECFCABF005E3470 /* WeatherKitService.swift in Sources */ = {isa = PBXBuildFile; fileRef = E020A13F2ECFCABF005E3470 /* WeatherKitService.swift */; };
		E020A1442ECFD0FF005E3470 /* WeatherModels.swift in Sources */ = {isa = PBXBuildFile; fileRef = E020A1432ECFD0FE005E3470 /* WeatherModels.swift */; };
		E0B5C4112BFF570A00F850CD /* WeatherIconView.swift in Sources */ = {isa = PBXBuildFile; fileRef = E0B5C4102BFF570A00F850CD /* WeatherIconView.swift */; };
		E0B5C4132C07C8B000F850CD /* BackgroundView.swift in Sources */ = {isa = PBXBuildFile; fileRef = E0B5C4122C07C8B000F850CD /* BackgroundView.swift */; };
		E0B5C4152C07C8FF00F850CD /* WeatherBackgroundIconView.swift in Sources */ = {isa = PBXBuildFile; fileRef = E0B5C4142C07C8FF00F850CD /* WeatherBackgroundIconView.swift */; };
		E0BB9AC82BFD375F00DF0E57 /* CompassView.swift in Sources */ = {isa = PBXBuildFile; fileRef = E0BB9AC72BFD375F00DF0E57 /* CompassView.swift */; };
		E0BB9ACA2BFD378100DF0E57 /* ArrowShape.swift in Sources */ = {isa = PBXBuildFile; fileRef = E0BB9AC92BFD378100DF0E57 /* ArrowShape.swift */; };
/* End PBXBuildFile section */

/* Begin PBXFileReference section */
		E007B7722BDAB95000A12A1B /* WeatherAppReplica.app */ = {isa = PBXFileReference; explicitFileType = wrapper.application; includeInIndex = 0; path = WeatherAppReplica.app; sourceTree = BUILT_PRODUCTS_DIR; };
		E007B7752BDAB95000A12A1B /* WeatherAppReplicaApp.swift */ = {isa = PBXFileReference; lastKnownFileType = sourcecode.swift; path = WeatherAppReplicaApp.swift; sourceTree = "<group>"; };
		E007B7772BDAB95000A12A1B /* ContentView.swift */ = {isa = PBXFileReference; lastKnownFileType = sourcecode.swift; path = ContentView.swift; sourceTree = "<group>"; };
		E007B7792BDAB95100A12A1B /* Assets.xcassets */ = {isa = PBXFileReference; lastKnownFileType = folder.assetcatalog; path = Assets.xcassets; sourceTree = "<group>"; };
		E007B77C2BDAB95100A12A1B /* Preview Assets.xcassets */ = {isa = PBXFileReference; lastKnownFileType = folder.assetcatalog; path = "Preview Assets.xcassets"; sourceTree = "<group>"; };
		E007B7832BDAB97100A12A1B /* WeatherAppReplica.entitlements */ = {isa = PBXFileReference; lastKnownFileType = text.plist.entitlements; path = WeatherAppReplica.entitlements; sourceTree = "<group>"; };
		E007B7862BDD3D4A00A12A1B /* HourlyForecastView.swift */ = {isa = PBXFileReference; lastKnownFileType = sourcecode.swift; path = HourlyForecastView.swift; sourceTree = "<group>"; };
		E007B7882BDD3DEB00A12A1B /* HourForecastView.swift */ = {isa = PBXFileReference; lastKnownFileType = sourcecode.swift; path = HourForecastView.swift; sourceTree = "<group>"; };
		E007B78A2BDE9E7F00A12A1B /* TenDayForecastView.swift */ = {isa = PBXFileReference; lastKnownFileType = sourcecode.swift; path = TenDayForecastView.swift; sourceTree = "<group>"; };
		E007B78C2BDE9F8F00A12A1B /* DayForecastView.swift */ = {isa = PBXFileReference; lastKnownFileType = sourcecode.swift; path = DayForecastView.swift; sourceTree = "<group>"; };
		E007B78E2BDEBA4500A12A1B /* TemperatureBar.swift */ = {isa = PBXFileReference; lastKnownFileType = sourcecode.swift; path = TemperatureBar.swift; sourceTree = "<group>"; };
		E007B7902BDF8FD200A12A1B /* TenDayForecastViewModel.swift */ = {isa = PBXFileReference; lastKnownFileType = sourcecode.swift; path = TenDayForecastViewModel.swift; sourceTree = "<group>"; };
		E007B7AE2BE16BB200A12A1B /* WeatherViewModel.swift */ = {isa = PBXFileReference; lastKnownFileType = sourcecode.swift; path = WeatherViewModel.swift; sourceTree = "<group>"; };
		E007B7B02BE2739600A12A1B /* LocationManager.swift */ = {isa = PBXFileReference; lastKnownFileType = sourcecode.swift; path = LocationManager.swift; sourceTree = "<group>"; };
		E01E80B02BF89A0400D6F2E7 /* FeelsLikeView.swift */ = {isa = PBXFileReference; lastKnownFileType = sourcecode.swift; path = FeelsLikeView.swift; sourceTree = "<group>"; };
		E01E80B22BF8A02A00D6F2E7 /* TitleView.swift */ = {isa = PBXFileReference; lastKnownFileType = sourcecode.swift; path = TitleView.swift; sourceTree = "<group>"; };
		E01E80B42BF8DBA900D6F2E7 /* HumidityView.swift */ = {isa = PBXFileReference; lastKnownFileType = sourcecode.swift; path = HumidityView.swift; sourceTree = "<group>"; };
		E01E80B62BF8DEAF00D6F2E7 /* VisibilityView.swift */ = {isa = PBXFileReference; lastKnownFileType = sourcecode.swift; path = VisibilityView.swift; sourceTree = "<group>"; };
		E01E80B82BF8E0CE00D6F2E7 /* UVIndexView.swift */ = {isa = PBXFileReference; lastKnownFileType = sourcecode.swift; path = UVIndexView.swift; sourceTree = "<group>"; };
		E01E80BA2BF8E1AF00D6F2E7 /* ColorBar.swift */ = {isa = PBXFileReference; lastKnownFileType = sourcecode.swift; path = ColorBar.swift; sourceTree = "<group>"; };
		E020A13D2ECFC9A0005E3470 /* WeatherProtocol.swift */ = {isa = PBXFileReference; lastKnownFileType = sourcecode.swift; path = WeatherProtocol.swift; sourceTree = "<group>"; };
		E020A13F2ECFCABF005E3470 /* WeatherKitService.swift */ = {isa = PBXFileReference; lastKnownFileType = sourcecode.swift; path = WeatherKitService.swift; sourceTree = "<group>"; };
		E020A1432ECFD0FE005E3470 /* WeatherModels.swift */ = {isa = PBXFileReference; lastKnownFileType = sourcecode.swift; path = WeatherModels.swift; sourceTree = "<group>"; };
		E0B5C4102BFF570A00F850CD /* WeatherIconView.swift */ = {isa = PBXFileReference; lastKnownFileType = sourcecode.swift; path = WeatherIconView.swift; sourceTree = "<group>"; };
		E0B5C4122C07C8B000F850CD /* BackgroundView.swift */ = {isa = PBXFileReference; lastKnownFileType = sourcecode.swift; path = BackgroundView.swift; sourceTree = "<group>"; };
		E0B5C4142C07C8FF00F850CD /* WeatherBackgroundIconView.swift */ = {isa = PBXFileReference; lastKnownFileType = sourcecode.swift; path = WeatherBackgroundIconView.swift; sourceTree = "<group>"; };
		E0BB9AC72BFD375F00DF0E57 /* CompassView.swift */ = {isa = PBXFileReference; lastKnownFileType = sourcecode.swift; path = CompassView.swift; sourceTree = "<group>"; };
		E0BB9AC92BFD378100DF0E57 /* ArrowShape.swift */ = {isa = PBXFileReference; lastKnownFileType = sourcecode.swift; path = ArrowShape.swift; sourceTree = "<group>"; };
/* End PBXFileReference section */

/* Begin PBXFrameworksBuildPhase section */
		E007B76F2BDAB95000A12A1B /* Frameworks */ = {
			isa = PBXFrameworksBuildPhase;
			buildActionMask = 2147483647;
			files = (
			);
			runOnlyForDeploymentPostprocessing = 0;
		};
/* End PBXFrameworksBuildPhase section */

/* Begin PBXGroup section */
		E007B7692BDAB95000A12A1B = {
			isa = PBXGroup;
			children = (
				E007B7742BDAB95000A12A1B /* WeatherAppReplica */,
				E007B7732BDAB95000A12A1B /* Products */,
			);
			sourceTree = "<group>";
		};
		E007B7732BDAB95000A12A1B /* Products */ = {
			isa = PBXGroup;
			children = (
				E007B7722BDAB95000A12A1B /* WeatherAppReplica.app */,
			);
			name = Products;
			sourceTree = "<group>";
		};
		E007B7742BDAB95000A12A1B /* WeatherAppReplica */ = {
			isa = PBXGroup;
			children = (
				E007B7832BDAB97100A12A1B /* WeatherAppReplica.entitlements */,
				E007B7752BDAB95000A12A1B /* WeatherAppReplicaApp.swift */,
				E007B7772BDAB95000A12A1B /* ContentView.swift */,
				E007B7B02BE2739600A12A1B /* LocationManager.swift */,
				E020A13D2ECFC9A0005E3470 /* WeatherProtocol.swift */,
				E020A13F2ECFCABF005E3470 /* WeatherKitService.swift */,
				E01E80AF2BF5536100D6F2E7 /* ViewModels */,
				E01E80AD2BF54D4700D6F2E7 /* Views */,
				E01E80AE2BF54D5800D6F2E7 /* Components */,
				E007B7792BDAB95100A12A1B /* Assets.xcassets */,
				E007B77B2BDAB95100A12A1B /* Preview Content */,
			);
			path = WeatherAppReplica;
			sourceTree = "<group>";
		};
		E007B77B2BDAB95100A12A1B /* Preview Content */ = {
			isa = PBXGroup;
			children = (
				E007B77C2BDAB95100A12A1B /* Preview Assets.xcassets */,
			);
			path = "Preview Content";
			sourceTree = "<group>";
		};
		E01E80AD2BF54D4700D6F2E7 /* Views */ = {
			isa = PBXGroup;
			children = (
				E007B78A2BDE9E7F00A12A1B /* TenDayForecastView.swift */,
				E01E80B02BF89A0400D6F2E7 /* FeelsLikeView.swift */,
				E0BB9AC72BFD375F00DF0E57 /* CompassView.swift */,
				E007B7862BDD3D4A00A12A1B /* HourlyForecastView.swift */,
				E01E80B42BF8DBA900D6F2E7 /* HumidityView.swift */,
				E0B5C4122C07C8B000F850CD /* BackgroundView.swift */,
				E01E80B62BF8DEAF00D6F2E7 /* VisibilityView.swift */,
				E01E80B82BF8E0CE00D6F2E7 /* UVIndexView.swift */,
			);
			path = Views;
			sourceTree = "<group>";
		};
		E01E80AE2BF54D5800D6F2E7 /* Components */ = {
			isa = PBXGroup;
			children = (
				E007B78C2BDE9F8F00A12A1B /* DayForecastView.swift */,
				E0B5C4102BFF570A00F850CD /* WeatherIconView.swift */,
				E01E80B22BF8A02A00D6F2E7 /* TitleView.swift */,
				E0B5C4142C07C8FF00F850CD /* WeatherBackgroundIconView.swift */,
				E0BB9AC92BFD378100DF0E57 /* ArrowShape.swift */,
				E007B78E2BDEBA4500A12A1B /* TemperatureBar.swift */,
				E01E80BA2BF8E1AF00D6F2E7 /* ColorBar.swift */,
				E007B7882BDD3DEB00A12A1B /* HourForecastView.swift */,
			);
			path = Components;
			sourceTree = "<group>";
		};
		E01E80AF2BF5536100D6F2E7 /* ViewModels */ = {
			isa = PBXGroup;
			children = (
				E007B7AE2BE16BB200A12A1B /* WeatherViewModel.swift */,
				E020A1432ECFD0FE005E3470 /* WeatherModels.swift */,
				E007B7902BDF8FD200A12A1B /* TenDayForecastViewModel.swift */,
			);
			path = ViewModels;
			sourceTree = "<group>";
		};
/* End PBXGroup section */

/* Begin PBXNativeTarget section */
		E007B7712BDAB95000A12A1B /* WeatherAppReplica */ = {
			isa = PBXNativeTarget;
			buildConfigurationList = E007B7802BDAB95100A12A1B /* Build configuration list for PBXNativeTarget "WeatherAppReplica" */;
			buildPhases = (
				E007B76E2BDAB95000A12A1B /* Sources */,
				E007B76F2BDAB95000A12A1B /* Frameworks */,
				E007B7702BDAB95000A12A1B /* Resources */,
			);
			buildRules = (
			);
			dependencies = (
			);
			name = WeatherAppReplica;
			productName = WeatherAppReplica;
			productReference = E007B7722BDAB95000A12A1B /* WeatherAppReplica.app */;
			productType = "com.apple.product-type.application";
		};
/* End PBXNativeTarget section */

/* Begin PBXProject section */
		E007B76A2BDAB95000A12A1B /* Project object */ = {
			isa = PBXProject;
			attributes = {
				BuildIndependentTargetsInParallel = 1;
				LastSwiftUpdateCheck = 1500;
				LastUpgradeCheck = 1500;
				TargetAttributes = {
					E007B7712BDAB95000A12A1B = {
						CreatedOnToolsVersion = 15.0;
					};
				};
			};
			buildConfigurationList = E007B76D2BDAB95000A12A1B /* Build configuration list for PBXProject "WeatherAppReplica" */;
			compatibilityVersion = "Xcode 14.0";
			developmentRegion = en;
			hasScannedForEncodings = 0;
			knownRegions = (
				en,
				Base,
			);
			mainGroup = E007B7692BDAB95000A12A1B;
			productRefGroup = E007B7732BDAB95000A12A1B /* Products */;
			projectDirPath = "";
			projectRoot = "";
			targets = (
				E007B7712BDAB95000A12A1B /* WeatherAppReplica */,
			);
		};
/* End PBXProject section */

/* Begin PBXResourcesBuildPhase section */
		E007B7702BDAB95000A12A1B /* Resources */ = {
			isa = PBXResourcesBuildPhase;
			buildActionMask = 2147483647;
			files = (
				E007B77D2BDAB95100A12A1B /* Preview Assets.xcassets in Resources */,
				E007B77A2BDAB95100A12A1B /* Assets.xcassets in Resources */,
			);
			runOnlyForDeploymentPostprocessing = 0;
		};
/* End PBXResourcesBuildPhase section */

/* Begin PBXSourcesBuildPhase section */
		E007B76E2BDAB95000A12A1B /* Sources */ = {
			isa = PBXSourcesBuildPhase;
			buildActionMask = 2147483647;
			files = (
				E007B78B2BDE9E7F00A12A1B /* TenDayForecastView.swift in Sources */,
				E01E80B92BF8E0CE00D6F2E7 /* UVIndexView.swift in Sources */,
				E007B7872BDD3D4A00A12A1B /* HourlyForecastView.swift in Sources */,
				E007B78F2BDEBA4500A12A1B /* TemperatureBar.swift in Sources */,
				E01E80B12BF89A0400D6F2E7 /* FeelsLikeView.swift in Sources */,
				E007B7B12BE2739600A12A1B /* LocationManager.swift in Sources */,
				E0BB9AC82BFD375F00DF0E57 /* CompassView.swift in Sources */,
				E0BB9ACA2BFD378100DF0E57 /* ArrowShape.swift in Sources */,
				E007B7912BDF8FD200A12A1B /* TenDayForecastViewModel.swift in Sources */,
				E01E80B72BF8DEAF00D6F2E7 /* VisibilityView.swift in Sources */,
				E020A1442ECFD0FF005E3470 /* WeatherModels.swift in Sources */,
				E0B5C4132C07C8B000F850CD /* BackgroundView.swift in Sources */,
				E020A1402ECFCABF005E3470 /* WeatherKitService.swift in Sources */,
				E007B7AF2BE16BB200A12A1B /* WeatherViewModel.swift in Sources */,
				E01E80B52BF8DBA900D6F2E7 /* HumidityView.swift in Sources */,
				E007B7782BDAB95000A12A1B /* ContentView.swift in Sources */,
				E020A13E2ECFC9A0005E3470 /* WeatherProtocol.swift in Sources */,
				E007B78D2BDE9F8F00A12A1B /* DayForecastView.swift in Sources */,
				E007B7762BDAB95000A12A1B /* WeatherAppReplicaApp.swift in Sources */,
				E01E80BB2BF8E1AF00D6F2E7 /* ColorBar.swift in Sources */,
				E0B5C4112BFF570A00F850CD /* WeatherIconView.swift in Sources */,
				E0B5C4152C07C8FF00F850CD /* WeatherBackgroundIconView.swift in Sources */,
				E007B7892BDD3DEB00A12A1B /* HourForecastView.swift in Sources */,
				E01E80B32BF8A02A00D6F2E7 /* TitleView.swift in Sources */,
			);
			runOnlyForDeploymentPostprocessing = 0;
		};
/* End PBXSourcesBuildPhase section */

/* Begin XCBuildConfiguration section */
		E007B77E2BDAB95100A12A1B /* Debug */ = {
			isa = XCBuildConfiguration;
			buildSettings = {
				ALWAYS_SEARCH_USER_PATHS = NO;
				ASSETCATALOG_COMPILER_GENERATE_SWIFT_ASSET_SYMBOL_EXTENSIONS = YES;
				CLANG_ANALYZER_NONNULL = YES;
				CLANG_ANALYZER_NUMBER_OBJECT_CONVERSION = YES_AGGRESSIVE;
				CLANG_CXX_LANGUAGE_STANDARD = "gnu++20";
				CLANG_ENABLE_MODULES = YES;
				CLANG_ENABLE_OBJC_ARC = YES;
				CLANG_ENABLE_OBJC_WEAK = YES;
				CLANG_WARN_BLOCK_CAPTURE_AUTORELEASING = YES;
				CLANG_WARN_BOOL_CONVERSION = YES;
				CLANG_WARN_COMMA = YES;
				CLANG_WARN_CONSTANT_CONVERSION = YES;
				CLANG_WARN_DEPRECATED_OBJC_IMPLEMENTATIONS = YES;
				CLANG_WARN_DIRECT_OBJC_ISA_USAGE = YES_ERROR;
				CLANG_WARN_DOCUMENTATION_COMMENTS = YES;
				CLANG_WARN_EMPTY_BODY = YES;
				CLANG_WARN_ENUM_CONVERSION = YES;
				CLANG_WARN_INFINITE_RECURSION = YES;
				CLANG_WARN_INT_CONVERSION = YES;
				CLANG_WARN_NON_LITERAL_NULL_CONVERSION = YES;
				CLANG_WARN_OBJC_IMPLICIT_RETAIN_SELF = YES;
				CLANG_WARN_OBJC_LITERAL_CONVERSION = YES;
				CLANG_WARN_OBJC_ROOT_CLASS = YES_ERROR;
				CLANG_WARN_QUOTED_INCLUDE_IN_FRAMEWORK_HEADER = YES;
				CLANG_WARN_RANGE_LOOP_ANALYSIS = YES;
				CLANG_WARN_STRICT_PROTOTYPES = YES;
				CLANG_WARN_SUSPICIOUS_MOVE = YES;
				CLANG_WARN_UNGUARDED_AVAILABILITY = YES_AGGRESSIVE;
				CLANG_WARN_UNREACHABLE_CODE = YES;
				CLANG_WARN__DUPLICATE_METHOD_MATCH = YES;
				COPY_PHASE_STRIP = NO;
				DEBUG_INFORMATION_FORMAT = dwarf;
				ENABLE_STRICT_OBJC_MSGSEND = YES;
				ENABLE_TESTABILITY = YES;
				ENABLE_USER_SCRIPT_SANDBOXING = YES;
				GCC_C_LANGUAGE_STANDARD = gnu17;
				GCC_DYNAMIC_NO_PIC = NO;
				GCC_NO_COMMON_BLOCKS = YES;
				GCC_OPTIMIZATION_LEVEL = 0;
				GCC_PREPROCESSOR_DEFINITIONS = (
					"DEBUG=1",
					"$(inherited)",
				);
				GCC_WARN_64_TO_32_BIT_CONVERSION = YES;
				GCC_WARN_ABOUT_RETURN_TYPE = YES_ERROR;
				GCC_WARN_UNDECLARED_SELECTOR = YES;
				GCC_WARN_UNINITIALIZED_AUTOS = YES_AGGRESSIVE;
				GCC_WARN_UNUSED_FUNCTION = YES;
				GCC_WARN_UNUSED_VARIABLE = YES;
				IPHONEOS_DEPLOYMENT_TARGET = 17.0;
				LOCALIZATION_PREFERS_STRING_CATALOGS = YES;
				MTL_ENABLE_DEBUG_INFO = INCLUDE_SOURCE;
				MTL_FAST_MATH = YES;
				ONLY_ACTIVE_ARCH = YES;
				SDKROOT = iphoneos;
				SWIFT_ACTIVE_COMPILATION_CONDITIONS = "DEBUG $(inherited)";
				SWIFT_OPTIMIZATION_LEVEL = "-Onone";
			};
			name = Debug;
		};
		E007B77F2BDAB95100A12A1B /* Release */ = {
			isa = XCBuildConfiguration;
			buildSettings = {
				ALWAYS_SEARCH_USER_PATHS = NO;
				ASSETCATALOG_COMPILER_GENERATE_SWIFT_ASSET_SYMBOL_EXTENSIONS = YES;
				CLANG_ANALYZER_NONNULL = YES;
				CLANG_ANALYZER_NUMBER_OBJECT_CONVERSION = YES_AGGRESSIVE;
				CLANG_CXX_LANGUAGE_STANDARD = "gnu++20";
				CLANG_ENABLE_MODULES = YES;
				CLANG_ENABLE_OBJC_ARC = YES;
				CLANG_ENABLE_OBJC_WEAK = YES;
				CLANG_WARN_BLOCK_CAPTURE_AUTORELEASING = YES;
				CLANG_WARN_BOOL_CONVERSION = YES;
				CLANG_WARN_COMMA = YES;
				CLANG_WARN_CONSTANT_CONVERSION = YES;
				CLANG_WARN_DEPRECATED_OBJC_IMPLEMENTATIONS = YES;
				CLANG_WARN_DIRECT_OBJC_ISA_USAGE = YES_ERROR;
				CLANG_WARN_DOCUMENTATION_COMMENTS = YES;
				CLANG_WARN_EMPTY_BODY = YES;
				CLANG_WARN_ENUM_CONVERSION = YES;
				CLANG_WARN_INFINITE_RECURSION = YES;
				CLANG_WARN_INT_CONVERSION = YES;
				CLANG_WARN_NON_LITERAL_NULL_CONVERSION = YES;
				CLANG_WARN_OBJC_IMPLICIT_RETAIN_SELF = YES;
				CLANG_WARN_OBJC_LITERAL_CONVERSION = YES;
				CLANG_WARN_OBJC_ROOT_CLASS = YES_ERROR;
				CLANG_WARN_QUOTED_INCLUDE_IN_FRAMEWORK_HEADER = YES;
				CLANG_WARN_RANGE_LOOP_ANALYSIS = YES;
				CLANG_WARN_STRICT_PROTOTYPES = YES;
				CLANG_WARN_SUSPICIOUS_MOVE = YES;
				CLANG_WARN_UNGUARDED_AVAILABILITY = YES_AGGRESSIVE;
				CLANG_WARN_UNREACHABLE_CODE = YES;
				CLANG_WARN__DUPLICATE_METHOD_MATCH = YES;
				COPY_PHASE_STRIP = NO;
				DEBUG_INFORMATION_FORMAT = "dwarf-with-dsym";
				ENABLE_NS_ASSERTIONS = NO;
				ENABLE_STRICT_OBJC_MSGSEND = YES;
				ENABLE_USER_SCRIPT_SANDBOXING = YES;
				GCC_C_LANGUAGE_STANDARD = gnu17;
				GCC_NO_COMMON_BLOCKS = YES;
				GCC_WARN_64_TO_32_BIT_CONVERSION = YES;
				GCC_WARN_ABOUT_RETURN_TYPE = YES_ERROR;
				GCC_WARN_UNDECLARED_SELECTOR = YES;
				GCC_WARN_UNINITIALIZED_AUTOS = YES_AGGRESSIVE;
				GCC_WARN_UNUSED_FUNCTION = YES;
				GCC_WARN_UNUSED_VARIABLE = YES;
				IPHONEOS_DEPLOYMENT_TARGET = 17.0;
				LOCALIZATION_PREFERS_STRING_CATALOGS = YES;
				MTL_ENABLE_DEBUG_INFO = NO;
				MTL_FAST_MATH = YES;
				SDKROOT = iphoneos;
				SWIFT_COMPILATION_MODE = wholemodule;
				VALIDATE_PRODUCT = YES;
			};
			name = Release;
		};
		E007B7812BDAB95100A12A1B /* Debug */ = {
			isa = XCBuildConfiguration;
			buildSettings = {
				ASSETCATALOG_COMPILER_APPICON_NAME = AppIcon;
				ASSETCATALOG_COMPILER_GLOBAL_ACCENT_COLOR_NAME = AccentColor;
				CODE_SIGN_ENTITLEMENTS = WeatherAppReplica/WeatherAppReplica.entitlements;
				CODE_SIGN_STYLE = Automatic;
				CURRENT_PROJECT_VERSION = 1;
				DEVELOPMENT_ASSET_PATHS = "\"WeatherAppReplica/Preview Content\"";
				DEVELOPMENT_TEAM = 9SZY8YV674;
				ENABLE_PREVIEWS = YES;
				GENERATE_INFOPLIST_FILE = YES;
				INFOPLIST_KEY_NSLocationAlwaysAndWhenInUseUsageDescription = "WeatherApp requires your location";
				INFOPLIST_KEY_NSLocationWhenInUseUsageDescription = "WeatherApp requires your location ";
				INFOPLIST_KEY_UIApplicationSceneManifest_Generation = YES;
				INFOPLIST_KEY_UIApplicationSupportsIndirectInputEvents = YES;
				INFOPLIST_KEY_UILaunchScreen_Generation = YES;
				INFOPLIST_KEY_UISupportedInterfaceOrientations = UIInterfaceOrientationPortrait;
				LD_RUNPATH_SEARCH_PATHS = (
					"$(inherited)",
					"@executable_path/Frameworks",
				);
				MARKETING_VERSION = 1.0;
				PRODUCT_BUNDLE_IDENTIFIER = com.PedroRouin.WeatherAppReplica;
				PRODUCT_NAME = "$(TARGET_NAME)";
				SUPPORTED_PLATFORMS = "iphoneos iphonesimulator";
				SUPPORTS_MACCATALYST = NO;
				SUPPORTS_MAC_DESIGNED_FOR_IPHONE_IPAD = NO;
				SWIFT_EMIT_LOC_STRINGS = YES;
				SWIFT_VERSION = 5.0;
				TARGETED_DEVICE_FAMILY = 1;
			};
			name = Debug;
		};
		E007B7822BDAB95100A12A1B /* Release */ = {
			isa = XCBuildConfiguration;
			buildSettings = {
				ASSETCATALOG_COMPILER_APPICON_NAME = AppIcon;
				ASSETCATALOG_COMPILER_GLOBAL_ACCENT_COLOR_NAME = AccentColor;
				CODE_SIGN_ENTITLEMENTS = WeatherAppReplica/WeatherAppReplica.entitlements;
				CODE_SIGN_STYLE = Automatic;
				CURRENT_PROJECT_VERSION = 1;
				DEVELOPMENT_ASSET_PATHS = "\"WeatherAppReplica/Preview Content\"";
				DEVELOPMENT_TEAM = 9SZY8YV674;
				ENABLE_PREVIEWS = YES;
				GENERATE_INFOPLIST_FILE = YES;
				INFOPLIST_KEY_NSLocationAlwaysAndWhenInUseUsageDescription = "WeatherApp requires your location";
				INFOPLIST_KEY_NSLocationWhenInUseUsageDescription = "WeatherApp requires your location ";
				INFOPLIST_KEY_UIApplicationSceneManifest_Generation = YES;
				INFOPLIST_KEY_UIApplicationSupportsIndirectInputEvents = YES;
				INFOPLIST_KEY_UILaunchScreen_Generation = YES;
				INFOPLIST_KEY_UISupportedInterfaceOrientations = UIInterfaceOrientationPortrait;
				LD_RUNPATH_SEARCH_PATHS = (
					"$(inherited)",
					"@executable_path/Frameworks",
				);
				MARKETING_VERSION = 1.0;
				PRODUCT_BUNDLE_IDENTIFIER = com.PedroRouin.WeatherAppReplica;
				PRODUCT_NAME = "$(TARGET_NAME)";
				SUPPORTED_PLATFORMS = "iphoneos iphonesimulator";
				SUPPORTS_MACCATALYST = NO;
				SUPPORTS_MAC_DESIGNED_FOR_IPHONE_IPAD = NO;
				SWIFT_EMIT_LOC_STRINGS = YES;
				SWIFT_VERSION = 5.0;
				TARGETED_DEVICE_FAMILY = 1;
			};
			name = Release;
		};
/* End XCBuildConfiguration section */

/* Begin XCConfigurationList section */
		E007B76D2BDAB95000A12A1B /* Build configuration list for PBXProject "WeatherAppReplica" */ = {
			isa = XCConfigurationList;
			buildConfigurations = (
				E007B77E2BDAB95100A12A1B /* Debug */,
				E007B77F2BDAB95100A12A1B /* Release */,
			);
			defaultConfigurationIsVisible = 0;
			defaultConfigurationName = Release;
		};
		E007B7802BDAB95100A12A1B /* Build configuration list for PBXNativeTarget "WeatherAppReplica" */ = {
			isa = XCConfigurationList;
			buildConfigurations = (
				E007B7812BDAB95100A12A1B /* Debug */,
				E007B7822BDAB95100A12A1B /* Release */,
			);
			defaultConfigurationIsVisible = 0;
			defaultConfigurationName = Release;
		};
/* End XCConfigurationList section */
	};
	rootObject = E007B76A2BDAB95000A12A1B /* Project object */;
}
